github.com/frnksgr/kaput v0.0.0-20190513082916-b04260bcc044 h1:f2Y/QigJOi2UZlPeP1SmcbJtphi5YdjY9RGZCxTYni0=
github.com/frnksgr/kaput v0.0.0-20190513104944-85898b4ce1c5 h1:xEpNHIZcDGNlbzEfjU7qExrIvHKWFi3VlCLaHTOl7ps=
github.com/gorilla/mux v1.7.1 h1:Dw4jY2nghMMRsh1ol8dv1axHkDwMQK2DHerMNJsIpJU=
github.com/gorilla/mux v1.7.1/go.mod h1:1lud6UwP+6orDFRuTfBEV8e9/aOM/c4fVVCaMa2zaAs=
